
Microsoft Visual Studio Solution File, Format Version 12.00
# Visual Studio 2015
Project("{FAE04EC0-301F-11D3-BF4B-00C04F79EFBC}") = "MVPU.Plugins", "MVPU.Plugins.csproj", "{E3B52332-163B-F2DD-A5BE-6654D9E23B8C}"
EndProject
Project("{FAE04EC0-301F-11D3-BF4B-00C04F79EFBC}") = "MVPU", "MVPU.csproj", "{B0F4D21A-D983-D3ED-2872-1C022B82C3BF}"
EndProject
Project("{FAE04EC0-301F-11D3-BF4B-00C04F79EFBC}") = "MVPU.Editor", "MVPU.Editor.csproj", "{362D1352-69B6-02FD-55DF-BAF51EEA1E4D}"
EndProject
Global
	GlobalSection(SolutionConfigurationPlatforms) = preSolution
		Debug|Any CPU = Debug|Any CPU
		Release|Any CPU = Release|Any CPU
	EndGlobalSection
	GlobalSection(ProjectConfigurationPlatforms) = postSolution
		{E3B52332-163B-F2DD-A5BE-6654D9E23B8C}.Debug|Any CPU.ActiveCfg = Debug|Any CPU
		{E3B52332-163B-F2DD-A5BE-6654D9E23B8C}.Debug|Any CPU.Build.0 = Debug|Any CPU
		{E3B52332-163B-F2DD-A5BE-6654D9E23B8C}.Release|Any CPU.ActiveCfg = Release|Any CPU
		{E3B52332-163B-F2DD-A5BE-6654D9E23B8C}.Release|Any CPU.Build.0 = Release|Any CPU
		{B0F4D21A-D983-D3ED-2872-1C022B82C3BF}.Debug|Any CPU.ActiveCfg = Debug|Any CPU
		{B0F4D21A-D983-D3ED-2872-1C022B82C3BF}.Debug|Any CPU.Build.0 = Debug|Any CPU
		{B0F4D21A-D983-D3ED-2872-1C022B82C3BF}.Release|Any CPU.ActiveCfg = Release|Any CPU
		{B0F4D21A-D983-D3ED-2872-1C022B82C3BF}.Release|Any CPU.Build.0 = Release|Any CPU
		{362D1352-69B6-02FD-55DF-BAF51EEA1E4D}.Debug|Any CPU.ActiveCfg = Debug|Any CPU
		{362D1352-69B6-02FD-55DF-BAF51EEA1E4D}.Debug|Any CPU.Build.0 = Debug|Any CPU
		{362D1352-69B6-02FD-55DF-BAF51EEA1E4D}.Release|Any CPU.ActiveCfg = Release|Any CPU
		{362D1352-69B6-02FD-55DF-BAF51EEA1E4D}.Release|Any CPU.Build.0 = Release|Any CPU
	EndGlobalSection
	GlobalSection(SolutionProperties) = preSolution
		HideSolutionNode = FALSE
	EndGlobalSection
EndGlobal
